
Microsoft Visual Studio Solution File, Format Version 12.00
# Visual Studio 15
VisualStudioVersion = 15.0.28307.168
MinimumVisualStudioVersion = 10.0.40219.1
Project("{FAE04EC0-301F-11D3-BF4B-00C04F79EFBC}") = "XamEFCore.Android", "XamEFCore\XamEFCore.Android\XamEFCore.Android.csproj", "{7411F504-B7D6-4ACE-8856-D62FC83007D5}"
EndProject
Project("{FAE04EC0-301F-11D3-BF4B-00C04F79EFBC}") = "XamEFCore.iOS", "XamEFCore\XamEFCore.iOS\XamEFCore.iOS.csproj", "{CEA27637-28C0-47CD-A1EF-B352606D25EF}"
EndProject
Project("{FAE04EC0-301F-11D3-BF4B-00C04F79EFBC}") = "XamEFCore", "XamEFCore\XamEFCore\XamEFCore.csproj", "{1263380E-BD65-4A6D-905C-024C6D012E81}"
EndProject
Global
	GlobalSection(SolutionConfigurationPlatforms) = preSolution
		Ad-Hoc|Any CPU = Ad-Hoc|Any CPU
		Ad-Hoc|iPhone = Ad-Hoc|iPhone
		Ad-Hoc|iPhoneSimulator = Ad-Hoc|iPhoneSimulator
		AppStore|Any CPU = AppStore|Any CPU
		AppStore|iPhone = AppStore|iPhone
		AppStore|iPhoneSimulator = AppStore|iPhoneSimulator
		Debug|Any CPU = Debug|Any CPU
		Debug|iPhone = Debug|iPhone
		Debug|iPhoneSimulator = Debug|iPhoneSimulator
		Release|Any CPU = Release|Any CPU
		Release|iPhone = Release|iPhone
		Release|iPhoneSimulator = Release|iPhoneSimulator
	EndGlobalSection
	GlobalSection(ProjectConfigurationPlatforms) = postSolution
		{7411F504-B7D6-4ACE-8856-D62FC83007D5}.Ad-Hoc|Any CPU.ActiveCfg = Release|Any CPU
		{7411F504-B7D6-4ACE-8856-D62FC83007D5}.Ad-Hoc|Any CPU.Build.0 = Release|Any CPU
		{7411F504-B7D6-4ACE-8856-D62FC83007D5}.Ad-Hoc|Any CPU.Deploy.0 = Release|Any CPU
		{7411F504-B7D6-4ACE-8856-D62FC83007D5}.Ad-Hoc|iPhone.ActiveCfg = Release|Any CPU
		{7411F504-B7D6-4ACE-8856-D62FC83007D5}.Ad-Hoc|iPhone.Build.0 = Release|Any CPU
		{7411F504-B7D6-4ACE-8856-D62FC83007D5}.Ad-Hoc|iPhone.Deploy.0 = Release|Any CPU
		{7411F504-B7D6-4ACE-8856-D62FC83007D5}.Ad-Hoc|iPhoneSimulator.ActiveCfg = Release|Any CPU
		{7411F504-B7D6-4ACE-8856-D62FC83007D5}.Ad-Hoc|iPhoneSimulator.Build.0 = Release|Any CPU
		{7411F504-B7D6-4ACE-8856-D62FC83007D5}.Ad-Hoc|iPhoneSimulator.Deploy.0 = Release|Any CPU
		{7411F504-B7D6-4ACE-8856-D62FC83007D5}.AppStore|Any CPU.ActiveCfg = Release|Any CPU
		{7411F504-B7D6-4ACE-8856-D62FC83007D5}.AppStore|Any CPU.Build.0 = Release|Any CPU
		{7411F504-B7D6-4ACE-8856-D62FC83007D5}.AppStore|Any CPU.Deploy.0 = Release|Any CPU
		{7411F504-B7D6-4ACE-8856-D62FC83007D5}.AppStore|iPhone.ActiveCfg = Release|Any CPU
		{7411F504-B7D6-4ACE-8856-D62FC83007D5}.AppStore|iPhone.Build.0 = Release|Any CPU
		{7411F504-B7D6-4ACE-8856-D62FC83007D5}.AppStore|iPhone.Deploy.0 = Release|Any CPU
		{7411F504-B7D6-4ACE-8856-D62FC83007D5}.AppStore|iPhoneSimulator.ActiveCfg = Release|Any CPU
		{7411F504-B7D6-4ACE-8856-D62FC83007D5}.AppStore|iPhoneSimulator.Build.0 = Release|Any CPU
		{7411F504-B7D6-4ACE-8856-D62FC83007D5}.AppStore|iPhoneSimulator.Deploy.0 = Release|Any CPU
		{7411F504-B7D6-4ACE-8856-D62FC83007D5}.Debug|Any CPU.ActiveCfg = Debug|Any CPU
		{7411F504-B7D6-4ACE-8856-D62FC83007D5}.Debug|Any CPU.Build.0 = Debug|Any CPU
		{7411F504-B7D6-4ACE-8856-D62FC83007D5}.Debug|Any CPU.Deploy.0 = Debug|Any CPU
		{7411F504-B7D6-4ACE-8856-D62FC83007D5}.Debug|iPhone.ActiveCfg = Debug|Any CPU
		{7411F504-B7D6-4ACE-8856-D62FC83007D5}.Debug|iPhone.Build.0 = Debug|Any CPU
		{7411F504-B7D6-4ACE-8856-D62FC83007D5}.Debug|iPhone.Deploy.0 = Debug|Any CPU
		{7411F504-B7D6-4ACE-8856-D62FC83007D5}.Debug|iPhoneSimulator.ActiveCfg = Debug|Any CPU
		{7411F504-B7D6-4ACE-8856-D62FC83007D5}.Debug|iPhoneSimulator.Build.0 = Debug|Any CPU
		{7411F504-B7D6-4ACE-8856-D62FC83007D5}.Debug|iPhoneSimulator.Deploy.0 = Debug|Any CPU
		{7411F504-B7D6-4ACE-8856-D62FC83007D5}.Release|Any CPU.ActiveCfg = Release|Any CPU
		{7411F504-B7D6-4ACE-8856-D62FC83007D5}.Release|Any CPU.Build.0 = Release|Any CPU
		{7411F504-B7D6-4ACE-8856-D62FC83007D5}.Release|Any CPU.Deploy.0 = Release|Any CPU
		{7411F504-B7D6-4ACE-8856-D62FC83007D5}.Release|iPhone.ActiveCfg = Release|Any CPU
		{7411F504-B7D6-4ACE-8856-D62FC83007D5}.Release|iPhone.Build.0 = Release|Any CPU
		{7411F504-B7D6-4ACE-8856-D62FC83007D5}.Release|iPhone.Deploy.0 = Release|Any CPU
		{7411F504-B7D6-4ACE-8856-D62FC83007D5}.Release|iPhoneSimulator.ActiveCfg = Release|Any CPU
		{7411F504-B7D6-4ACE-8856-D62FC83007D5}.Release|iPhoneSimulator.Build.0 = Release|Any CPU
		{7411F504-B7D6-4ACE-8856-D62FC83007D5}.Release|iPhoneSimulator.Deploy.0 = Release|Any CPU
		{CEA27637-28C0-47CD-A1EF-B352606D25EF}.Ad-Hoc|Any CPU.ActiveCfg = Ad-Hoc|iPhone
		{CEA27637-28C0-47CD-A1EF-B352606D25EF}.Ad-Hoc|Any CPU.Build.0 = Ad-Hoc|iPhone
		{CEA27637-28C0-47CD-A1EF-B352606D25EF}.Ad-Hoc|Any CPU.Deploy.0 = Ad-Hoc|iPhone
		{CEA27637-28C0-47CD-A1EF-B352606D25EF}.Ad-Hoc|iPhone.ActiveCfg = Ad-Hoc|iPhone
		{CEA27637-28C0-47CD-A1EF-B352606D25EF}.Ad-Hoc|iPhone.Build.0 = Ad-Hoc|iPhone
		{CEA27637-28C0-47CD-A1EF-B352606D25EF}.Ad-Hoc|iPhone.Deploy.0 = Ad-Hoc|iPhone
		{CEA27637-28C0-47CD-A1EF-B352606D25EF}.Ad-Hoc|iPhoneSimulator.ActiveCfg = Ad-Hoc|iPhoneSimulator
		{CEA27637-28C0-47CD-A1EF-B352606D25EF}.Ad-Hoc|iPhoneSimulator.Build.0 = Ad-Hoc|iPhoneSimulator
		{CEA27637-28C0-47CD-A1EF-B352606D25EF}.Ad-Hoc|iPhoneSimulator.Deploy.0 = Ad-Hoc|iPhoneSimulator
		{CEA27637-28C0-47CD-A1EF-B352606D25EF}.AppStore|Any CPU.ActiveCfg = AppStore|iPhone
		{CEA27637-28C0-47CD-A1EF-B352606D25EF}.AppStore|Any CPU.Build.0 = AppStore|iPhone
		{CEA27637-28C0-47CD-A1EF-B352606D25EF}.AppStore|Any CPU.Deploy.0 = AppStore|iPhone
		{CEA27637-28C0-47CD-A1EF-B352606D25EF}.AppStore|iPhone.ActiveCfg = AppStore|iPhone
		{CEA27637-28C0-47CD-A1EF-B352606D25EF}.AppStore|iPhone.Build.0 = AppStore|iPhone
		{CEA27637-28C0-47CD-A1EF-B352606D25EF}.AppStore|iPhone.Deploy.0 = AppStore|iPhone
		{CEA27637-28C0-47CD-A1EF-B352606D25EF}.AppStore|iPhoneSimulator.ActiveCfg = AppStore|iPhoneSimulator
		{CEA27637-28C0-47CD-A1EF-B352606D25EF}.AppStore|iPhoneSimulator.Build.0 = AppStore|iPhoneSimulator
		{CEA27637-28C0-47CD-A1EF-B352606D25EF}.AppStore|iPhoneSimulator.Deploy.0 = AppStore|iPhoneSimulator
		{CEA27637-28C0-47CD-A1EF-B352606D25EF}.Debug|Any CPU.ActiveCfg = Debug|iPhoneSimulator
		{CEA27637-28C0-47CD-A1EF-B352606D25EF}.Debug|Any CPU.Build.0 = Debug|iPhoneSimulator
		{CEA27637-28C0-47CD-A1EF-B352606D25EF}.Debug|Any CPU.Deploy.0 = Debug|iPhoneSimulator
		{CEA27637-28C0-47CD-A1EF-B352606D25EF}.Debug|iPhone.ActiveCfg = Debug|iPhone
		{CEA27637-28C0-47CD-A1EF-B352606D25EF}.Debug|iPhone.Build.0 = Debug|iPhone
		{CEA27637-28C0-47CD-A1EF-B352606D25EF}.Debug|iPhone.Deploy.0 = Debug|iPhone
		{CEA27637-28C0-47CD-A1EF-B352606D25EF}.Debug|iPhoneSimulator.ActiveCfg = Debug|iPhoneSimulator
		{CEA27637-28C0-47CD-A1EF-B352606D25EF}.Debug|iPhoneSimulator.Build.0 = Debug|iPhoneSimulator
		{CEA27637-28C0-47CD-A1EF-B352606D25EF}.Debug|iPhoneSimulator.Deploy.0 = Debug|iPhoneSimulator
		{CEA27637-28C0-47CD-A1EF-B352606D25EF}.Release|Any CPU.ActiveCfg = Release|iPhone
		{CEA27637-28C0-47CD-A1EF-B352606D25EF}.Release|Any CPU.Build.0 = Release|iPhone
		{CEA27637-28C0-47CD-A1EF-B352606D25EF}.Release|Any CPU.Deploy.0 = Release|iPhone
		{CEA27637-28C0-47CD-A1EF-B352606D25EF}.Release|iPhone.ActiveCfg = Release|iPhone
		{CEA27637-28C0-47CD-A1EF-B352606D25EF}.Release|iPhone.Build.0 = Release|iPhone
		{CEA27637-28C0-47CD-A1EF-B352606D25EF}.Release|iPhone.Deploy.0 = Release|iPhone
		{CEA27637-28C0-47CD-A1EF-B352606D25EF}.Release|iPhoneSimulator.ActiveCfg = Release|iPhoneSimulator
		{CEA27637-28C0-47CD-A1EF-B352606D25EF}.Release|iPhoneSimulator.Build.0 = Release|iPhoneSimulator
		{CEA27637-28C0-47CD-A1EF-B352606D25EF}.Release|iPhoneSimulator.Deploy.0 = Release|iPhoneSimulator
		{1263380E-BD65-4A6D-905C-024C6D012E81}.Ad-Hoc|Any CPU.ActiveCfg = Debug|Any CPU
		{1263380E-BD65-4A6D-905C-024C6D012E81}.Ad-Hoc|Any CPU.Build.0 = Debug|Any CPU
		{1263380E-BD65-4A6D-905C-024C6D012E81}.Ad-Hoc|Any CPU.Deploy.0 = Debug|Any CPU
		{1263380E-BD65-4A6D-905C-024C6D012E81}.Ad-Hoc|iPhone.ActiveCfg = Debug|Any CPU
		{1263380E-BD65-4A6D-905C-024C6D012E81}.Ad-Hoc|iPhone.Build.0 = Debug|Any CPU
		{1263380E-BD65-4A6D-905C-024C6D012E81}.Ad-Hoc|iPhone.Deploy.0 = Debug|Any CPU
		{1263380E-BD65-4A6D-905C-024C6D012E81}.Ad-Hoc|iPhoneSimulator.ActiveCfg = Debug|Any CPU
		{1263380E-BD65-4A6D-905C-024C6D012E81}.Ad-Hoc|iPhoneSimulator.Build.0 = Debug|Any CPU
		{1263380E-BD65-4A6D-905C-024C6D012E81}.Ad-Hoc|iPhoneSimulator.Deploy.0 = Debug|Any CPU
		{1263380E-BD65-4A6D-905C-024C6D012E81}.AppStore|Any CPU.ActiveCfg = Debug|Any CPU
		{1263380E-BD65-4A6D-905C-024C6D012E81}.AppStore|Any CPU.Build.0 = Debug|Any CPU
		{1263380E-BD65-4A6D-905C-024C6D012E81}.AppStore|Any CPU.Deploy.0 = Debug|Any CPU
		{1263380E-BD65-4A6D-905C-024C6D012E81}.AppStore|iPhone.ActiveCfg = Debug|Any CPU
		{1263380E-BD65-4A6D-905C-024C6D012E81}.AppStore|iPhone.Build.0 = Debug|Any CPU
		{1263380E-BD65-4A6D-905C-024C6D012E81}.AppStore|iPhone.Deploy.0 = Debug|Any CPU
		{1263380E-BD65-4A6D-905C-024C6D012E81}.AppStore|iPhoneSimulator.ActiveCfg = Debug|Any CPU
		{1263380E-BD65-4A6D-905C-024C6D012E81}.AppStore|iPhoneSimulator.Build.0 = Debug|Any CPU
		{1263380E-BD65-4A6D-905C-024C6D012E81}.AppStore|iPhoneSimulator.Deploy.0 = Debug|Any CPU
		{1263380E-BD65-4A6D-905C-024C6D012E81}.Debug|Any CPU.ActiveCfg = Debug|Any CPU
		{1263380E-BD65-4A6D-905C-024C6D012E81}.Debug|Any CPU.Build.0 = Debug|Any CPU
		{1263380E-BD65-4A6D-905C-024C6D012E81}.Debug|Any CPU.Deploy.0 = Debug|Any CPU
		{1263380E-BD65-4A6D-905C-024C6D012E81}.Debug|iPhone.ActiveCfg = Debug|Any CPU
		{1263380E-BD65-4A6D-905C-024C6D012E81}.Debug|iPhone.Build.0 = Debug|Any CPU
		{1263380E-BD65-4A6D-905C-024C6D012E81}.Debug|iPhone.Deploy.0 = Debug|Any CPU
		{1263380E-BD65-4A6D-905C-024C6D012E81}.Debug|iPhoneSimulator.ActiveCfg = Debug|Any CPU
		{1263380E-BD65-4A6D-905C-024C6D012E81}.Debug|iPhoneSimulator.Build.0 = Debug|Any CPU
		{1263380E-BD65-4A6D-905C-024C6D012E81}.Debug|iPhoneSimulator.Deploy.0 = Debug|Any CPU
		{1263380E-BD65-4A6D-905C-024C6D012E81}.Release|Any CPU.ActiveCfg = Release|Any CPU
		{1263380E-BD65-4A6D-905C-024C6D012E81}.Release|Any CPU.Build.0 = Release|Any CPU
		{1263380E-BD65-4A6D-905C-024C6D012E81}.Release|Any CPU.Deploy.0 = Release|Any CPU
		{1263380E-BD65-4A6D-905C-024C6D012E81}.Release|iPhone.ActiveCfg = Release|Any CPU
		{1263380E-BD65-4A6D-905C-024C6D012E81}.Release|iPhone.Build.0 = Release|Any CPU
		{1263380E-BD65-4A6D-905C-024C6D012E81}.Release|iPhone.Deploy.0 = Release|Any CPU
		{1263380E-BD65-4A6D-905C-024C6D012E81}.Release|iPhoneSimulator.ActiveCfg = Release|Any CPU
		{1263380E-BD65-4A6D-905C-024C6D012E81}.Release|iPhoneSimulator.Build.0 = Release|Any CPU
		{1263380E-BD65-4A6D-905C-024C6D012E81}.Release|iPhoneSimulator.Deploy.0 = Release|Any CPU
	EndGlobalSection
	GlobalSection(SolutionProperties) = preSolution
		HideSolutionNode = FALSE
	EndGlobalSection
	GlobalSection(ExtensibilityGlobals) = postSolution
		SolutionGuid = {D4C82E1C-554E-4120-B846-D2330DD2AE90}
	EndGlobalSection
EndGlobal
